
Microsoft Visual Studio Solution File, Format Version 12.00
# Visual Studio 2017
Project("{FAE04EC0-301F-11D3-BF4B-00C04F79EFBC}") = "Company & Co V2", "Company & Co V2.csproj", "{8E406F9B-2168-4AEF-92D2-6F69E710C7BA}"
EndProject
Project("{FAE04EC0-301F-11D3-BF4B-00C04F79EFBC}") = "Company & Co V2.Editor", "Company & Co V2.Editor.csproj", "{F6C0D28C-5AAA-761B-9512-6C3A3CAFB03D}"
EndProject
Global
	GlobalSection(SolutionConfigurationPlatforms) = preSolution
		Debug|Any CPU = Debug|Any CPU
		Release|Any CPU = Release|Any CPU
	EndGlobalSection
	GlobalSection(ProjectConfigurationPlatforms) = postSolution
		{8E406F9B-2168-4AEF-92D2-6F69E710C7BA}.Debug|Any CPU.ActiveCfg = Debug|Any CPU
		{8E406F9B-2168-4AEF-92D2-6F69E710C7BA}.Debug|Any CPU.Build.0 = Debug|Any CPU
		{8E406F9B-2168-4AEF-92D2-6F69E710C7BA}.Release|Any CPU.ActiveCfg = Release|Any CPU
		{8E406F9B-2168-4AEF-92D2-6F69E710C7BA}.Release|Any CPU.Build.0 = Release|Any CPU
		{F6C0D28C-5AAA-761B-9512-6C3A3CAFB03D}.Debug|Any CPU.ActiveCfg = Debug|Any CPU
		{F6C0D28C-5AAA-761B-9512-6C3A3CAFB03D}.Debug|Any CPU.Build.0 = Debug|Any CPU
		{F6C0D28C-5AAA-761B-9512-6C3A3CAFB03D}.Release|Any CPU.ActiveCfg = Release|Any CPU
		{F6C0D28C-5AAA-761B-9512-6C3A3CAFB03D}.Release|Any CPU.Build.0 = Release|Any CPU
	EndGlobalSection
	GlobalSection(SolutionProperties) = preSolution
		HideSolutionNode = FALSE
	EndGlobalSection
EndGlobal
